
Microsoft Visual Studio Solution File, Format Version 12.00
# Visual Studio Version 17
VisualStudioVersion = 17.14.36623.8 d17.14
MinimumVisualStudioVersion = 10.0.40219.1
Project("{FAE04EC0-301F-11D3-BF4B-00C04F79EFBC}") = "appCore_Ejer01", "appCore_Ejer01\appCore_Ejer01.csproj", "{7E6060B7-C833-46EB-80EB-B8711D2C02EB}"
EndProject
Global
	GlobalSection(SolutionConfigurationPlatforms) = preSolution
		Debug|Any CPU = Debug|Any CPU
		Release|Any CPU = Release|Any CPU
	EndGlobalSection
	GlobalSection(ProjectConfigurationPlatforms) = postSolution
		{7E6060B7-C833-46EB-80EB-B8711D2C02EB}.Debug|Any CPU.ActiveCfg = Debug|Any CPU
		{7E6060B7-C833-46EB-80EB-B8711D2C02EB}.Debug|Any CPU.Build.0 = Debug|Any CPU
		{7E6060B7-C833-46EB-80EB-B8711D2C02EB}.Release|Any CPU.ActiveCfg = Release|Any CPU
		{7E6060B7-C833-46EB-80EB-B8711D2C02EB}.Release|Any CPU.Build.0 = Release|Any CPU
	EndGlobalSection
	GlobalSection(SolutionProperties) = preSolution
		HideSolutionNode = FALSE
	EndGlobalSection
	GlobalSection(ExtensibilityGlobals) = postSolution
		SolutionGuid = {64390B74-E1E9-4175-BD7C-418DDE49D1B5}
	EndGlobalSection
EndGlobal
