
Microsoft Visual Studio Solution File, Format Version 12.00
# Visual Studio Version 17
VisualStudioVersion = 17.14.36623.8 d17.14
MinimumVisualStudioVersion = 10.0.40219.1
Project("{FAE04EC0-301F-11D3-BF4B-00C04F79EFBC}") = "appCore_T1_ejer02", "appCore_T1_ejer02\appCore_T1_ejer02.csproj", "{672B4E08-59E5-46E0-9F96-56BECFF6884D}"
EndProject
Global
	GlobalSection(SolutionConfigurationPlatforms) = preSolution
		Debug|Any CPU = Debug|Any CPU
		Release|Any CPU = Release|Any CPU
	EndGlobalSection
	GlobalSection(ProjectConfigurationPlatforms) = postSolution
		{672B4E08-59E5-46E0-9F96-56BECFF6884D}.Debug|Any CPU.ActiveCfg = Debug|Any CPU
		{672B4E08-59E5-46E0-9F96-56BECFF6884D}.Debug|Any CPU.Build.0 = Debug|Any CPU
		{672B4E08-59E5-46E0-9F96-56BECFF6884D}.Release|Any CPU.ActiveCfg = Release|Any CPU
		{672B4E08-59E5-46E0-9F96-56BECFF6884D}.Release|Any CPU.Build.0 = Release|Any CPU
	EndGlobalSection
	GlobalSection(SolutionProperties) = preSolution
		HideSolutionNode = FALSE
	EndGlobalSection
	GlobalSection(ExtensibilityGlobals) = postSolution
		SolutionGuid = {1D66C9A6-5051-4723-98D6-2DA4E90A7129}
	EndGlobalSection
EndGlobal
